{
  "name": "qa-playground-tests",
  "version": "1.0.0",
  "lockfileVersion": 2,
  "requires": true,
  "packages": {
    "": {
      "name": "qa-playground-tests",
      "version": "1.0.0",
      "license": "ISC",
      "dependencies": {
        "playwright": "^1.24.1"
      },
      "devDependencies": {
        "@playwright/test": "^1.24.1"
      }
    },
    "node_modules/@playwright/test": {
      "version": "1.24.1",
      "resolved": "https://registry.npmjs.org/@playwright/test/-/test-1.24.1.tgz",
      "integrity": "sha512-VJ9qekMis7Oze2Q/Vb+w1g2aPaJFRdl5vhTS6h82kG89Jb8trlU2WHY7oYzNRjvFPoVUMcWXiblH2bWcbEax/A==",
      "dev": true,
      "dependencies": {
        "@types/node": "*",
        "playwright-core": "1.24.1"
      },
      "bin": {
        "playwright": "cli.js"
      },
      "engines": {
        "node": ">=14"
      }
    },
    "node_modules/@types/node": {
      "version": "18.6.1",
      "resolved": "https://registry.npmjs.org/@types/node/-/node-18.6.1.tgz",
      "integrity": "sha512-z+2vB6yDt1fNwKOeGbckpmirO+VBDuQqecXkgeIqDlaOtmKn6hPR/viQ8cxCfqLU4fTlvM3+YjM367TukWdxpg==",
      "dev": true
    },
    "node_modules/playwright": {
      "version": "1.24.1",
      "resolved": "https://registry.npmjs.org/playwright/-/playwright-1.24.1.tgz",
      "integrity": "sha512-ALAdckGTTZq6cPD/NlWE+OO5cgNBi9BHKk6FoDztlcVNJ07F1buwydTuf8wBu1Jzi+SGOpEfLR/83+2fS84ksQ==",
      "hasInstallScript": true,
      "dependencies": {
        "playwright-core": "1.24.1"
      },
      "bin": {
        "playwright": "cli.js"
      },
      "engines": {
        "node": ">=14"
      }
    },
    "node_modules/playwright-core": {
      "version": "1.24.1",
      "resolved": "https://registry.npmjs.org/playwright-core/-/playwright-core-1.24.1.tgz",
      "integrity": "sha512-1RoSDe/oTQS1Ct7Pb8i+vcFKbKYpmVIBXk0IUiD8RvCUMnNl7EJF1OSQ9E8TZ5RYamWkW2Psir9e8Doyz1FnhQ==",
      "bin": {
        "playwright": "cli.js"
      },
      "engines": {
        "node": ">=14"
      }
    }
  },
  "dependencies": {
    "@playwright/test": {
      "version": "1.24.1",
      "resolved": "https://registry.npmjs.org/@playwright/test/-/test-1.24.1.tgz",
      "integrity": "sha512-VJ9qekMis7Oze2Q/Vb+w1g2aPaJFRdl5vhTS6h82kG89Jb8trlU2WHY7oYzNRjvFPoVUMcWXiblH2bWcbEax/A==",
      "dev": true,
      "requires": {
        "@types/node": "*",
        "playwright-core": "1.24.1"
      }
    },
    "@types/node": {
      "version": "18.6.1",
      "resolved": "https://registry.npmjs.org/@types/node/-/node-18.6.1.tgz",
      "integrity": "sha512-z+2vB6yDt1fNwKOeGbckpmirO+VBDuQqecXkgeIqDlaOtmKn6hPR/viQ8cxCfqLU4fTlvM3+YjM367TukWdxpg==",
      "dev": true
    },
    "playwright": {
      "version": "1.24.1",
      "resolved": "https://registry.npmjs.org/playwright/-/playwright-1.24.1.tgz",
      "integrity": "sha512-ALAdckGTTZq6cPD/NlWE+OO5cgNBi9BHKk6FoDztlcVNJ07F1buwydTuf8wBu1Jzi+SGOpEfLR/83+2fS84ksQ==",
      "requires": {
        "playwright-core": "1.24.1"
      }
    },
    "playwright-core": {
      "version": "1.24.1",
      "resolved": "https://registry.npmjs.org/playwright-core/-/playwright-core-1.24.1.tgz",
      "integrity": "sha512-1RoSDe/oTQS1Ct7Pb8i+vcFKbKYpmVIBXk0IUiD8RvCUMnNl7EJF1OSQ9E8TZ5RYamWkW2Psir9e8Doyz1FnhQ=="
    }
  }
}
